
Microsoft Visual Studio Solution File, Format Version 12.00
# Visual Studio Version 16
VisualStudioVersion = 16.0.29926.136
MinimumVisualStudioVersion = 10.0.40219.1
Project("{FAE04EC0-301F-11D3-BF4B-00C04F79EFBC}") = "SymbiozaITExcel", "SymbiozaITExcel.csproj", "{A0DEF62B-69D7-4874-A032-C508D9C5A7CC}"
EndProject
Global
	GlobalSection(SolutionConfigurationPlatforms) = preSolution
		Debug|Any CPU = Debug|Any CPU
		Release|Any CPU = Release|Any CPU
	EndGlobalSection
	GlobalSection(ProjectConfigurationPlatforms) = postSolution
		{A0DEF62B-69D7-4874-A032-C508D9C5A7CC}.Debug|Any CPU.ActiveCfg = Debug|Any CPU
		{A0DEF62B-69D7-4874-A032-C508D9C5A7CC}.Debug|Any CPU.Build.0 = Debug|Any CPU
		{A0DEF62B-69D7-4874-A032-C508D9C5A7CC}.Release|Any CPU.ActiveCfg = Release|Any CPU
		{A0DEF62B-69D7-4874-A032-C508D9C5A7CC}.Release|Any CPU.Build.0 = Release|Any CPU
	EndGlobalSection
	GlobalSection(SolutionProperties) = preSolution
		HideSolutionNode = FALSE
	EndGlobalSection
	GlobalSection(ExtensibilityGlobals) = postSolution
		SolutionGuid = {72C2BB36-C1D4-4C86-8C7E-37645D145E89}
	EndGlobalSection
EndGlobal
